# Code generated by scarb DO NOT EDIT.
version = 1

[[package]]
name = "access_control"
version = "0.2.0"
source = "git+https://github.com/lindy-labs/access_control.git?tag=v0.2.0#5365102134c5d96d5cf67d5f3f4cefd11cbf26f2"
dependencies = [
 "snforge_std",
]

[[package]]
name = "opus"
version = "0.1.0"
dependencies = [
 "access_control",
 "snforge_std",
 "wadray",
]

[[package]]
name = "snforge_std"
version = "0.1.0"
source = "git+https://github.com/foundry-rs/starknet-foundry.git?tag=v0.13.1#e1412ed040d10e66be0fd84115f72a667b57a116"

[[package]]
name = "wadray"
version = "0.2.0"
source = "git+https://github.com/lindy-labs/wadray.git?tag=v0.2.1#69e506eb21ce96c00d31bdbfd02340e8e8199641"
dependencies = [
 "snforge_std",
]
